
Microsoft Visual Studio Solution File, Format Version 12.00
# Visual Studio Version 17
VisualStudioVersion = 17.7.34031.279
MinimumVisualStudioVersion = 10.0.40219.1
Project("{9A19103F-16F7-4668-BE54-9A1E7A4F7556}") = "Project_FitnessApp", "Project_FitnessApp.csproj", "{23E88D60-F821-4959-BB30-6D385203E793}"
EndProject
Global
	GlobalSection(SolutionConfigurationPlatforms) = preSolution
		Debug|Any CPU = Debug|Any CPU
		Release|Any CPU = Release|Any CPU
	EndGlobalSection
	GlobalSection(ProjectConfigurationPlatforms) = postSolution
		{23E88D60-F821-4959-BB30-6D385203E793}.Debug|Any CPU.ActiveCfg = Debug|Any CPU
		{23E88D60-F821-4959-BB30-6D385203E793}.Debug|Any CPU.Build.0 = Debug|Any CPU
		{23E88D60-F821-4959-BB30-6D385203E793}.Release|Any CPU.ActiveCfg = Release|Any CPU
		{23E88D60-F821-4959-BB30-6D385203E793}.Release|Any CPU.Build.0 = Release|Any CPU
	EndGlobalSection
	GlobalSection(SolutionProperties) = preSolution
		HideSolutionNode = FALSE
	EndGlobalSection
	GlobalSection(ExtensibilityGlobals) = postSolution
		SolutionGuid = {6D6A298F-D3BB-49CC-8400-F088964B3C04}
	EndGlobalSection
EndGlobal
